
Microsoft Visual Studio Solution File, Format Version 12.00
# Visual Studio 15
VisualStudioVersion = 15.0.28307.329
MinimumVisualStudioVersion = 10.0.40219.1
Project("{FAE04EC0-301F-11D3-BF4B-00C04F79EFBC}") = "ACM", "ACM\ACM.csproj", "{632CE251-CB39-484F-A246-2CBC9326A26F}"
EndProject
Project("{FAE04EC0-301F-11D3-BF4B-00C04F79EFBC}") = "ACM.Test", "ACM.Test\ACM.Test.csproj", "{C4466A6D-DB8E-48DE-AB51-E7D3685FC0BD}"
EndProject
Global
	GlobalSection(SolutionConfigurationPlatforms) = preSolution
		Debug|Any CPU = Debug|Any CPU
		Release|Any CPU = Release|Any CPU
	EndGlobalSection
	GlobalSection(ProjectConfigurationPlatforms) = postSolution
		{632CE251-CB39-484F-A246-2CBC9326A26F}.Debug|Any CPU.ActiveCfg = Debug|Any CPU
		{632CE251-CB39-484F-A246-2CBC9326A26F}.Debug|Any CPU.Build.0 = Debug|Any CPU
		{632CE251-CB39-484F-A246-2CBC9326A26F}.Release|Any CPU.ActiveCfg = Release|Any CPU
		{632CE251-CB39-484F-A246-2CBC9326A26F}.Release|Any CPU.Build.0 = Release|Any CPU
		{C4466A6D-DB8E-48DE-AB51-E7D3685FC0BD}.Debug|Any CPU.ActiveCfg = Debug|Any CPU
		{C4466A6D-DB8E-48DE-AB51-E7D3685FC0BD}.Debug|Any CPU.Build.0 = Debug|Any CPU
		{C4466A6D-DB8E-48DE-AB51-E7D3685FC0BD}.Release|Any CPU.ActiveCfg = Release|Any CPU
		{C4466A6D-DB8E-48DE-AB51-E7D3685FC0BD}.Release|Any CPU.Build.0 = Release|Any CPU
	EndGlobalSection
	GlobalSection(SolutionProperties) = preSolution
		HideSolutionNode = FALSE
	EndGlobalSection
	GlobalSection(ExtensibilityGlobals) = postSolution
		SolutionGuid = {D78D1E28-A1CE-44F1-B41A-C88F754D6CF4}
	EndGlobalSection
EndGlobal
